
Microsoft Visual Studio Solution File, Format Version 12.00
# Visual Studio Version 17
VisualStudioVersion = 17.8.34408.163
MinimumVisualStudioVersion = 10.0.40219.1
Project("{FAE04EC0-301F-11D3-BF4B-00C04F79EFBC}") = "DesafioMXMAPI", "DesafioMXMAPI.csproj", "{D1567C46-AC43-4CAA-8F44-55ACF9C657C2}"
EndProject
Project("{FAE04EC0-301F-11D3-BF4B-00C04F79EFBC}") = "DataAcess", "..\DataAcess\DataAcess.csproj", "{954C1D6B-A211-49DF-BAC3-E6B53353EF51}"
EndProject
Global
	GlobalSection(SolutionConfigurationPlatforms) = preSolution
		Debug|Any CPU = Debug|Any CPU
		Release|Any CPU = Release|Any CPU
	EndGlobalSection
	GlobalSection(ProjectConfigurationPlatforms) = postSolution
		{D1567C46-AC43-4CAA-8F44-55ACF9C657C2}.Debug|Any CPU.ActiveCfg = Debug|Any CPU
		{D1567C46-AC43-4CAA-8F44-55ACF9C657C2}.Debug|Any CPU.Build.0 = Debug|Any CPU
		{D1567C46-AC43-4CAA-8F44-55ACF9C657C2}.Release|Any CPU.ActiveCfg = Release|Any CPU
		{D1567C46-AC43-4CAA-8F44-55ACF9C657C2}.Release|Any CPU.Build.0 = Release|Any CPU
		{954C1D6B-A211-49DF-BAC3-E6B53353EF51}.Debug|Any CPU.ActiveCfg = Debug|Any CPU
		{954C1D6B-A211-49DF-BAC3-E6B53353EF51}.Debug|Any CPU.Build.0 = Debug|Any CPU
		{954C1D6B-A211-49DF-BAC3-E6B53353EF51}.Release|Any CPU.ActiveCfg = Release|Any CPU
		{954C1D6B-A211-49DF-BAC3-E6B53353EF51}.Release|Any CPU.Build.0 = Release|Any CPU
	EndGlobalSection
	GlobalSection(SolutionProperties) = preSolution
		HideSolutionNode = FALSE
	EndGlobalSection
	GlobalSection(ExtensibilityGlobals) = postSolution
		SolutionGuid = {3C7CB89D-D4B0-42C6-8886-99F4DC26A297}
	EndGlobalSection
EndGlobal
